# Every source input of the build. Columns: name  version  file  sha256  url
# fetch-sources.sh downloads each file once and refuses any file whose hash differs.
# The build itself never downloads anything.
ffmpeg            9.0.2       ffmpeg-9.0.2.tar.xz                                          8c3850283eb25fa026482078a04051e0be17347b09ef81a0849bec15a96e002e  https://ffmpeg.org/releases/ffmpeg-9.0.2.tar.xz
dav1d             1.5.4       dav1d-1.5.4.tar.xz                                           686616b7c69eb88d44459391ab25cac13b6647a3b288835c5784e71c1514a5c5  https://downloads.videolan.org/pub/videolan/dav1d/1.5.4/dav1d-1.5.4.tar.xz
x264              b35605ac    x264-b35605ace3ddf7c1a5d67a2eb553f034aef41d55.tar.bz2       6eeb82934e69fd51e043bd8c5b0d152839638d1ce7aa4eea65a3fedcf83ff224  https://code.videolan.org/videolan/x264/-/archive/b35605ace3ddf7c1a5d67a2eb553f034aef41d55/x264-b35605ace3ddf7c1a5d67a2eb553f034aef41d55.tar.bz2
zlib              1.3.2       zlib-1.3.2.tar.gz                                            bb329a0a2cd0274d05519d61c667c062e06990d72e125ee2dfa8de64f0119d16  https://zlib.net/fossils/zlib-1.3.2.tar.gz
bzip2             1.0.8       bzip2-1.0.8.tar.gz                                           ab5a03176ee106d3f0fa90e381da478ddae405918153cca248e682cd0c4a2269  https://sourceware.org/pub/bzip2/bzip2-1.0.8.tar.gz
libvpl            2.17.0      libvpl-2.17.0.tar.gz                                         4de3e2faf1e8307fb282e4a43f443191810f6a6b0a484fffa7995ba1c814c6ec  https://github.com/intel/libvpl/archive/refs/tags/v2.17.0.tar.gz
# 12.1 headers keep NVENC working with NVIDIA drivers from 531.61 on; newer header lines need newer drivers.
nv-codec-headers  12.1.14.1   nv-codec-headers-12.1.14.1.tar.gz                            043e46265517855f13bcb98b3a225b2761b2a83983b1645fa1d05876f1c3a781  https://github.com/FFmpeg/nv-codec-headers/releases/download/n12.1.14.1/nv-codec-headers-12.1.14.1.tar.gz
amf-headers       1.5.3       AMF-headers-v1.5.3.tar.gz                                    570c8f6593b8c24a6e47a0a9c59b216a7198138e660ba4011590ae913343d5c3  https://github.com/GPUOpen-LibrariesAndSDKs/AMF/releases/download/v1.5.3/AMF-headers-v1.5.3.tar.gz
